
Microsoft Visual Studio Solution File, Format Version 12.00
# Visual Studio Version 16
VisualStudioVersion = 16.0.31105.61
MinimumVisualStudioVersion = 10.0.40219.1
Project("{9A19103F-16F7-4668-BE54-9A1E7A4F7556}") = "SingletonPattern", "DesignPatterns\SingletonPattern.csproj", "{6DBA2FA0-63F9-4952-9B98-3E3309C3AB3C}"
EndProject
Project("{9A19103F-16F7-4668-BE54-9A1E7A4F7556}") = "FactoryPattern", "FactoryPattern\FactoryPattern.csproj", "{2B767361-FE6B-40D0-BAA3-D428206C4412}"
EndProject
Project("{9A19103F-16F7-4668-BE54-9A1E7A4F7556}") = "FactoryMethodPattern", "FactoryMethodPattern\FactoryMethodPattern.csproj", "{B56CE9D0-3651-4053-B0E4-F414400895D0}"
EndProject
Project("{9A19103F-16F7-4668-BE54-9A1E7A4F7556}") = "AbstractFactoryPattern", "AbstractFactoryPattern\AbstractFactoryPattern.csproj", "{C248A280-6675-4745-9AA2-2417740CDDF2}"
EndProject
Project("{9A19103F-16F7-4668-BE54-9A1E7A4F7556}") = "PrototypePattern", "PrototypePattern\PrototypePattern.csproj", "{185BB923-6FE0-4FC7-BB46-C477C8CB34F4}"
EndProject
Project("{9A19103F-16F7-4668-BE54-9A1E7A4F7556}") = "BuilderPattern", "BuilderPattern\BuilderPattern.csproj", "{C6563D11-D2FE-4D54-81C1-A20C08C56BF7}"
EndProject
Project("{9A19103F-16F7-4668-BE54-9A1E7A4F7556}") = "AdapterPattern", "AdapterPattern\AdapterPattern.csproj", "{55398857-A71F-45A1-A3C8-E65FA62A5336}"
EndProject
Project("{FAE04EC0-301F-11D3-BF4B-00C04F79EFBC}") = "BridgePattern", "BridgePattern\BridgePattern.csproj", "{07156F43-4A44-400C-B5B8-875EE5C644E9}"
EndProject
Global
	GlobalSection(SolutionConfigurationPlatforms) = preSolution
		Debug|Any CPU = Debug|Any CPU
		Release|Any CPU = Release|Any CPU
	EndGlobalSection
	GlobalSection(ProjectConfigurationPlatforms) = postSolution
		{6DBA2FA0-63F9-4952-9B98-3E3309C3AB3C}.Debug|Any CPU.ActiveCfg = Debug|Any CPU
		{6DBA2FA0-63F9-4952-9B98-3E3309C3AB3C}.Debug|Any CPU.Build.0 = Debug|Any CPU
		{6DBA2FA0-63F9-4952-9B98-3E3309C3AB3C}.Release|Any CPU.ActiveCfg = Release|Any CPU
		{6DBA2FA0-63F9-4952-9B98-3E3309C3AB3C}.Release|Any CPU.Build.0 = Release|Any CPU
		{2B767361-FE6B-40D0-BAA3-D428206C4412}.Debug|Any CPU.ActiveCfg = Debug|Any CPU
		{2B767361-FE6B-40D0-BAA3-D428206C4412}.Debug|Any CPU.Build.0 = Debug|Any CPU
		{2B767361-FE6B-40D0-BAA3-D428206C4412}.Release|Any CPU.ActiveCfg = Release|Any CPU
		{2B767361-FE6B-40D0-BAA3-D428206C4412}.Release|Any CPU.Build.0 = Release|Any CPU
		{B56CE9D0-3651-4053-B0E4-F414400895D0}.Debug|Any CPU.ActiveCfg = Debug|Any CPU
		{B56CE9D0-3651-4053-B0E4-F414400895D0}.Debug|Any CPU.Build.0 = Debug|Any CPU
		{B56CE9D0-3651-4053-B0E4-F414400895D0}.Release|Any CPU.ActiveCfg = Release|Any CPU
		{B56CE9D0-3651-4053-B0E4-F414400895D0}.Release|Any CPU.Build.0 = Release|Any CPU
		{C248A280-6675-4745-9AA2-2417740CDDF2}.Debug|Any CPU.ActiveCfg = Debug|Any CPU
		{C248A280-6675-4745-9AA2-2417740CDDF2}.Debug|Any CPU.Build.0 = Debug|Any CPU
		{C248A280-6675-4745-9AA2-2417740CDDF2}.Release|Any CPU.ActiveCfg = Release|Any CPU
		{C248A280-6675-4745-9AA2-2417740CDDF2}.Release|Any CPU.Build.0 = Release|Any CPU
		{185BB923-6FE0-4FC7-BB46-C477C8CB34F4}.Debug|Any CPU.ActiveCfg = Debug|Any CPU
		{185BB923-6FE0-4FC7-BB46-C477C8CB34F4}.Debug|Any CPU.Build.0 = Debug|Any CPU
		{185BB923-6FE0-4FC7-BB46-C477C8CB34F4}.Release|Any CPU.ActiveCfg = Release|Any CPU
		{185BB923-6FE0-4FC7-BB46-C477C8CB34F4}.Release|Any CPU.Build.0 = Release|Any CPU
		{C6563D11-D2FE-4D54-81C1-A20C08C56BF7}.Debug|Any CPU.ActiveCfg = Debug|Any CPU
		{C6563D11-D2FE-4D54-81C1-A20C08C56BF7}.Debug|Any CPU.Build.0 = Debug|Any CPU
		{C6563D11-D2FE-4D54-81C1-A20C08C56BF7}.Release|Any CPU.ActiveCfg = Release|Any CPU
		{C6563D11-D2FE-4D54-81C1-A20C08C56BF7}.Release|Any CPU.Build.0 = Release|Any CPU
		{55398857-A71F-45A1-A3C8-E65FA62A5336}.Debug|Any CPU.ActiveCfg = Debug|Any CPU
		{55398857-A71F-45A1-A3C8-E65FA62A5336}.Debug|Any CPU.Build.0 = Debug|Any CPU
		{55398857-A71F-45A1-A3C8-E65FA62A5336}.Release|Any CPU.ActiveCfg = Release|Any CPU
		{55398857-A71F-45A1-A3C8-E65FA62A5336}.Release|Any CPU.Build.0 = Release|Any CPU
		{07156F43-4A44-400C-B5B8-875EE5C644E9}.Debug|Any CPU.ActiveCfg = Debug|Any CPU
		{07156F43-4A44-400C-B5B8-875EE5C644E9}.Debug|Any CPU.Build.0 = Debug|Any CPU
		{07156F43-4A44-400C-B5B8-875EE5C644E9}.Release|Any CPU.ActiveCfg = Release|Any CPU
		{07156F43-4A44-400C-B5B8-875EE5C644E9}.Release|Any CPU.Build.0 = Release|Any CPU
	EndGlobalSection
	GlobalSection(SolutionProperties) = preSolution
		HideSolutionNode = FALSE
	EndGlobalSection
	GlobalSection(ExtensibilityGlobals) = postSolution
		SolutionGuid = {1DE7DB20-27ED-4645-A4C9-3041C04AAD24}
	EndGlobalSection
EndGlobal
